
Microsoft Visual Studio Solution File, Format Version 11.00
# Visual C# Express 2010
Project("{FAE04EC0-301F-11D3-BF4B-00C04F79EFBC}") = "ShopSchedule", "ShopSchedule\ShopSchedule.csproj", "{B3A44CD5-E794-4921-9788-DC04ECE668E1}"
EndProject
Project("{FAE04EC0-301F-11D3-BF4B-00C04F79EFBC}") = "ShopSchedule.Tests", "ShopSchedule.Tests\ShopSchedule.Tests.csproj", "{3E5AD10A-2F76-4722-A64D-4CA3FFD47F3C}"
EndProject
Project("{FAE04EC0-301F-11D3-BF4B-00C04F79EFBC}") = "ShopSchedule.Specs", "ShopSchedule.Specs\ShopSchedule.Specs.csproj", "{3B99849C-6CC9-48FA-B951-23968F17DDFD}"
EndProject
Global
	GlobalSection(SolutionConfigurationPlatforms) = preSolution
		Debug|Any CPU = Debug|Any CPU
		Debug|Mixed Platforms = Debug|Mixed Platforms
		Debug|x86 = Debug|x86
		Release|Any CPU = Release|Any CPU
		Release|Mixed Platforms = Release|Mixed Platforms
		Release|x86 = Release|x86
	EndGlobalSection
	GlobalSection(ProjectConfigurationPlatforms) = postSolution
		{B3A44CD5-E794-4921-9788-DC04ECE668E1}.Debug|Any CPU.ActiveCfg = Debug|Any CPU
		{B3A44CD5-E794-4921-9788-DC04ECE668E1}.Debug|Any CPU.Build.0 = Debug|Any CPU
		{B3A44CD5-E794-4921-9788-DC04ECE668E1}.Debug|Mixed Platforms.ActiveCfg = Debug|Any CPU
		{B3A44CD5-E794-4921-9788-DC04ECE668E1}.Debug|Mixed Platforms.Build.0 = Debug|Any CPU
		{B3A44CD5-E794-4921-9788-DC04ECE668E1}.Debug|x86.ActiveCfg = Debug|Any CPU
		{B3A44CD5-E794-4921-9788-DC04ECE668E1}.Release|Any CPU.ActiveCfg = Release|Any CPU
		{B3A44CD5-E794-4921-9788-DC04ECE668E1}.Release|Any CPU.Build.0 = Release|Any CPU
		{B3A44CD5-E794-4921-9788-DC04ECE668E1}.Release|Mixed Platforms.ActiveCfg = Release|Any CPU
		{B3A44CD5-E794-4921-9788-DC04ECE668E1}.Release|Mixed Platforms.Build.0 = Release|Any CPU
		{B3A44CD5-E794-4921-9788-DC04ECE668E1}.Release|x86.ActiveCfg = Release|Any CPU
		{3E5AD10A-2F76-4722-A64D-4CA3FFD47F3C}.Debug|Any CPU.ActiveCfg = Debug|Any CPU
		{3E5AD10A-2F76-4722-A64D-4CA3FFD47F3C}.Debug|Any CPU.Build.0 = Debug|Any CPU
		{3E5AD10A-2F76-4722-A64D-4CA3FFD47F3C}.Debug|Mixed Platforms.ActiveCfg = Debug|Any CPU
		{3E5AD10A-2F76-4722-A64D-4CA3FFD47F3C}.Debug|Mixed Platforms.Build.0 = Debug|Any CPU
		{3E5AD10A-2F76-4722-A64D-4CA3FFD47F3C}.Debug|x86.ActiveCfg = Debug|Any CPU
		{3E5AD10A-2F76-4722-A64D-4CA3FFD47F3C}.Release|Any CPU.ActiveCfg = Release|Any CPU
		{3E5AD10A-2F76-4722-A64D-4CA3FFD47F3C}.Release|Any CPU.Build.0 = Release|Any CPU
		{3E5AD10A-2F76-4722-A64D-4CA3FFD47F3C}.Release|Mixed Platforms.ActiveCfg = Release|Any CPU
		{3E5AD10A-2F76-4722-A64D-4CA3FFD47F3C}.Release|Mixed Platforms.Build.0 = Release|Any CPU
		{3E5AD10A-2F76-4722-A64D-4CA3FFD47F3C}.Release|x86.ActiveCfg = Release|Any CPU
		{3B99849C-6CC9-48FA-B951-23968F17DDFD}.Debug|Any CPU.ActiveCfg = Debug|Any CPU
		{3B99849C-6CC9-48FA-B951-23968F17DDFD}.Debug|Any CPU.Build.0 = Debug|Any CPU
		{3B99849C-6CC9-48FA-B951-23968F17DDFD}.Debug|Mixed Platforms.ActiveCfg = Debug|Any CPU
		{3B99849C-6CC9-48FA-B951-23968F17DDFD}.Debug|Mixed Platforms.Build.0 = Debug|Any CPU
		{3B99849C-6CC9-48FA-B951-23968F17DDFD}.Debug|x86.ActiveCfg = Debug|Any CPU
		{3B99849C-6CC9-48FA-B951-23968F17DDFD}.Release|Any CPU.ActiveCfg = Release|Any CPU
		{3B99849C-6CC9-48FA-B951-23968F17DDFD}.Release|Any CPU.Build.0 = Release|Any CPU
		{3B99849C-6CC9-48FA-B951-23968F17DDFD}.Release|Mixed Platforms.ActiveCfg = Release|Any CPU
		{3B99849C-6CC9-48FA-B951-23968F17DDFD}.Release|Mixed Platforms.Build.0 = Release|Any CPU
		{3B99849C-6CC9-48FA-B951-23968F17DDFD}.Release|x86.ActiveCfg = Release|Any CPU
	EndGlobalSection
	GlobalSection(SolutionProperties) = preSolution
		HideSolutionNode = FALSE
	EndGlobalSection
EndGlobal
